
Microsoft Visual Studio Solution File, Format Version 12.00
# Visual Studio 2012
Project("{2150E333-8FDC-42A3-9474-1A3956D46DE8}") = "test", "test", "{98343ACA-3499-48BC-A012-F56E04A2CAD8}"
EndProject
Project("{2150E333-8FDC-42A3-9474-1A3956D46DE8}") = "src", "src", "{0FCB2601-8D60-4EB4-8EFC-DA1AB9B2D490}"
EndProject
Project("{FAE04EC0-301F-11D3-BF4B-00C04F79EFBC}") = "IronSharePoint", "src\IronSharePoint\IronSharePoint.csproj", "{391AC6CE-418C-460C-A629-BBC74252EFA9}"
EndProject
Project("{FAE04EC0-301F-11D3-BF4B-00C04F79EFBC}") = "IronSharePoint.IronRuby", "src\IronSharePoint.IronRuby\IronSharePoint.IronRuby.csproj", "{4847BC1D-75CB-47E2-96D5-9A9E3C517D64}"
EndProject
Project("{FAE04EC0-301F-11D3-BF4B-00C04F79EFBC}") = "IronSharePoint.Framework", "src\IronSharePoint.Framework\IronSharePoint.Framework.csproj", "{73E78E79-90F3-4859-9DDF-2E33A92B65A1}"
EndProject
Project("{FAE04EC0-301F-11D3-BF4B-00C04F79EFBC}") = "IronSharePoint.Framework.Test", "test\IronSharePoint.Framework.Test\IronSharePoint.Framework.Test.csproj", "{1CACD19F-47C3-497B-BA5B-722855AEB2A3}"
EndProject
Global
	GlobalSection(SolutionConfigurationPlatforms) = preSolution
		Debug|Any CPU = Debug|Any CPU
		Release|Any CPU = Release|Any CPU
	EndGlobalSection
	GlobalSection(ProjectConfigurationPlatforms) = postSolution
		{391AC6CE-418C-460C-A629-BBC74252EFA9}.Debug|Any CPU.ActiveCfg = Debug|Any CPU
		{391AC6CE-418C-460C-A629-BBC74252EFA9}.Debug|Any CPU.Build.0 = Debug|Any CPU
		{391AC6CE-418C-460C-A629-BBC74252EFA9}.Debug|Any CPU.Deploy.0 = Debug|Any CPU
		{391AC6CE-418C-460C-A629-BBC74252EFA9}.Release|Any CPU.ActiveCfg = Release|Any CPU
		{391AC6CE-418C-460C-A629-BBC74252EFA9}.Release|Any CPU.Build.0 = Release|Any CPU
		{391AC6CE-418C-460C-A629-BBC74252EFA9}.Release|Any CPU.Deploy.0 = Release|Any CPU
		{4847BC1D-75CB-47E2-96D5-9A9E3C517D64}.Debug|Any CPU.ActiveCfg = Debug|Any CPU
		{4847BC1D-75CB-47E2-96D5-9A9E3C517D64}.Debug|Any CPU.Build.0 = Debug|Any CPU
		{4847BC1D-75CB-47E2-96D5-9A9E3C517D64}.Debug|Any CPU.Deploy.0 = Debug|Any CPU
		{4847BC1D-75CB-47E2-96D5-9A9E3C517D64}.Release|Any CPU.ActiveCfg = Release|Any CPU
		{4847BC1D-75CB-47E2-96D5-9A9E3C517D64}.Release|Any CPU.Build.0 = Release|Any CPU
		{4847BC1D-75CB-47E2-96D5-9A9E3C517D64}.Release|Any CPU.Deploy.0 = Release|Any CPU
		{73E78E79-90F3-4859-9DDF-2E33A92B65A1}.Debug|Any CPU.ActiveCfg = Debug|Any CPU
		{73E78E79-90F3-4859-9DDF-2E33A92B65A1}.Debug|Any CPU.Build.0 = Debug|Any CPU
		{73E78E79-90F3-4859-9DDF-2E33A92B65A1}.Release|Any CPU.ActiveCfg = Release|Any CPU
		{73E78E79-90F3-4859-9DDF-2E33A92B65A1}.Release|Any CPU.Build.0 = Release|Any CPU
		{1CACD19F-47C3-497B-BA5B-722855AEB2A3}.Debug|Any CPU.ActiveCfg = Debug|Any CPU
		{1CACD19F-47C3-497B-BA5B-722855AEB2A3}.Debug|Any CPU.Build.0 = Debug|Any CPU
		{1CACD19F-47C3-497B-BA5B-722855AEB2A3}.Release|Any CPU.ActiveCfg = Release|Any CPU
		{1CACD19F-47C3-497B-BA5B-722855AEB2A3}.Release|Any CPU.Build.0 = Release|Any CPU
	EndGlobalSection
	GlobalSection(SolutionProperties) = preSolution
		HideSolutionNode = FALSE
	EndGlobalSection
	GlobalSection(NestedProjects) = preSolution
		{1CACD19F-47C3-497B-BA5B-722855AEB2A3} = {98343ACA-3499-48BC-A012-F56E04A2CAD8}
		{391AC6CE-418C-460C-A629-BBC74252EFA9} = {0FCB2601-8D60-4EB4-8EFC-DA1AB9B2D490}
		{4847BC1D-75CB-47E2-96D5-9A9E3C517D64} = {0FCB2601-8D60-4EB4-8EFC-DA1AB9B2D490}
		{73E78E79-90F3-4859-9DDF-2E33A92B65A1} = {0FCB2601-8D60-4EB4-8EFC-DA1AB9B2D490}
	EndGlobalSection
EndGlobal
